
Microsoft Visual Studio Solution File, Format Version 12.00
# Visual Studio Version 17
VisualStudioVersion = 17.9.34902.65
MinimumVisualStudioVersion = 10.0.40219.1
Project("{FAE04EC0-301F-11D3-BF4B-00C04F79EFBC}") = "Clinic.Business", "Clinic.Business\Clinic.Business.csproj", "{0053A324-6220-40A3-AD06-A45E3703D1DF}"
EndProject
Project("{FAE04EC0-301F-11D3-BF4B-00C04F79EFBC}") = "Clinic.WpfApp", "Clinic.WpfApp\Clinic.WpfApp.csproj", "{B273C274-82CE-4A26-B9A4-E8B9901C05EE}"
EndProject
Project("{FAE04EC0-301F-11D3-BF4B-00C04F79EFBC}") = "Clinic.Common", "Clinic.Common\Clinic.Common.csproj", "{FA2A5F1C-C99A-4B43-865A-C37E25A04C7D}"
EndProject
Project("{FAE04EC0-301F-11D3-BF4B-00C04F79EFBC}") = "Clinic.Data", "Clinic.Data\Clinic.Data.csproj", "{08D52B99-F3D9-401A-B7F7-99B61BCE09F2}"
EndProject
Global
	GlobalSection(SolutionConfigurationPlatforms) = preSolution
		Debug|Any CPU = Debug|Any CPU
		Release|Any CPU = Release|Any CPU
	EndGlobalSection
	GlobalSection(ProjectConfigurationPlatforms) = postSolution
		{0053A324-6220-40A3-AD06-A45E3703D1DF}.Debug|Any CPU.ActiveCfg = Debug|Any CPU
		{0053A324-6220-40A3-AD06-A45E3703D1DF}.Debug|Any CPU.Build.0 = Debug|Any CPU
		{0053A324-6220-40A3-AD06-A45E3703D1DF}.Release|Any CPU.ActiveCfg = Release|Any CPU
		{0053A324-6220-40A3-AD06-A45E3703D1DF}.Release|Any CPU.Build.0 = Release|Any CPU
		{B273C274-82CE-4A26-B9A4-E8B9901C05EE}.Debug|Any CPU.ActiveCfg = Debug|Any CPU
		{B273C274-82CE-4A26-B9A4-E8B9901C05EE}.Debug|Any CPU.Build.0 = Debug|Any CPU
		{B273C274-82CE-4A26-B9A4-E8B9901C05EE}.Release|Any CPU.ActiveCfg = Release|Any CPU
		{B273C274-82CE-4A26-B9A4-E8B9901C05EE}.Release|Any CPU.Build.0 = Release|Any CPU
		{FA2A5F1C-C99A-4B43-865A-C37E25A04C7D}.Debug|Any CPU.ActiveCfg = Debug|Any CPU
		{FA2A5F1C-C99A-4B43-865A-C37E25A04C7D}.Debug|Any CPU.Build.0 = Debug|Any CPU
		{FA2A5F1C-C99A-4B43-865A-C37E25A04C7D}.Release|Any CPU.ActiveCfg = Release|Any CPU
		{FA2A5F1C-C99A-4B43-865A-C37E25A04C7D}.Release|Any CPU.Build.0 = Release|Any CPU
		{08D52B99-F3D9-401A-B7F7-99B61BCE09F2}.Debug|Any CPU.ActiveCfg = Debug|Any CPU
		{08D52B99-F3D9-401A-B7F7-99B61BCE09F2}.Debug|Any CPU.Build.0 = Debug|Any CPU
		{08D52B99-F3D9-401A-B7F7-99B61BCE09F2}.Release|Any CPU.ActiveCfg = Release|Any CPU
		{08D52B99-F3D9-401A-B7F7-99B61BCE09F2}.Release|Any CPU.Build.0 = Release|Any CPU
	EndGlobalSection
	GlobalSection(SolutionProperties) = preSolution
		HideSolutionNode = FALSE
	EndGlobalSection
	GlobalSection(ExtensibilityGlobals) = postSolution
		SolutionGuid = {E2167306-A2D9-4980-8087-BFB0D45E7F2B}
	EndGlobalSection
EndGlobal
